{
  "nodes": {
    "dante-dep-client-sdk": {
      "flake": false,
      "locked": {
        "lastModified": 1784368838,
        "narHash": "sha256-j57JI9WDRvhQnU0dgxsHxmz2jSwx5mGO6gNehMGavbQ=",
        "owner": "oblongular",
        "repo": "Dante-DEP-Client-SDK",
        "rev": "dcfd3f839637e5253be09522cf8e2d03adb16d69",
        "type": "github"
      },
      "original": {
        "owner": "oblongular",
        "ref": "v0.2.0",
        "repo": "Dante-DEP-Client-SDK",
        "type": "github"
      }
    },
    "juce-src": {
      "flake": false,
      "locked": {
        "lastModified": 1784371037,
        "narHash": "sha256-RsuD+I1xaFjcH7o0++LAKw7XPvMrzu4WMMoxxpg4vIk=",
        "owner": "oblongular",
        "repo": "JUCE",
        "rev": "febd3c408ddcda64d37698969f907305f6760619",
        "type": "github"
      },
      "original": {
        "owner": "oblongular",
        "ref": "dante-v0.2.0",
        "repo": "JUCE",
        "type": "github"
      }
    },
    "nixpkgs": {
      "locked": {
        "lastModified": 1782535326,
        "narHash": "sha256-ZeRxu4yn6shd3SNF5ZUQb4r7BaVo1zBKMjRhfoNSBmw=",
        "owner": "NixOS",
        "repo": "nixpkgs",
        "rev": "714a5f8c4ead6b31148d829288440ed033ccc041",
        "type": "github"
      },
      "original": {
        "owner": "NixOS",
        "ref": "nixos-26.05",
        "repo": "nixpkgs",
        "type": "github"
      }
    },
    "root": {
      "inputs": {
        "dante-dep-client-sdk": "dante-dep-client-sdk",
        "juce-src": "juce-src",
        "nixpkgs": "nixpkgs"
      }
    }
  },
  "root": "root",
  "version": 7
}
