{
  "nodes": {
    "dante-dep-client-sdk": {
      "flake": false,
      "locked": {
        "lastModified": 1784376439,
        "narHash": "sha256-zX2OljJhBr8fcpt5tH3W0IzdEg/dTMNAUrtRT+Eh1gM=",
        "owner": "oblongular",
        "repo": "Dante-DEP-Client-SDK",
        "rev": "1d78a64b6cf22256a2a3effa33cc886c8fbaf56e",
        "type": "github"
      },
      "original": {
        "owner": "oblongular",
        "ref": "v0.2.1",
        "repo": "Dante-DEP-Client-SDK",
        "type": "github"
      }
    },
    "juce-src": {
      "flake": false,
      "locked": {
        "lastModified": 1784377245,
        "narHash": "sha256-grLJZbHGzxOgRoAV5lg19hpGaqENJcfeO9DgZmdcr+g=",
        "owner": "oblongular",
        "repo": "JUCE",
        "rev": "09830ae41991a1c952a95b2a9eabe94817c6adf3",
        "type": "github"
      },
      "original": {
        "owner": "oblongular",
        "ref": "dante-v0.2.2",
        "repo": "JUCE",
        "type": "github"
      }
    },
    "nixpkgs": {
      "locked": {
        "lastModified": 1782535326,
        "narHash": "sha256-ZeRxu4yn6shd3SNF5ZUQb4r7BaVo1zBKMjRhfoNSBmw=",
        "owner": "NixOS",
        "repo": "nixpkgs",
        "rev": "714a5f8c4ead6b31148d829288440ed033ccc041",
        "type": "github"
      },
      "original": {
        "owner": "NixOS",
        "ref": "nixos-26.05",
        "repo": "nixpkgs",
        "type": "github"
      }
    },
    "root": {
      "inputs": {
        "dante-dep-client-sdk": "dante-dep-client-sdk",
        "juce-src": "juce-src",
        "nixpkgs": "nixpkgs"
      }
    }
  },
  "root": "root",
  "version": 7
}
