{
  "nodes": {
    "dante-dep-client-sdk": {
      "flake": false,
      "locked": {
        "lastModified": 1782798864,
        "narHash": "sha256-y5SD6OxPRy9V4i9ADEXfrmStS8Q0BqqkiIHtyW6/EXM=",
        "owner": "oblongular",
        "repo": "Dante-DEP-Client-SDK",
        "rev": "2ee982ca5945624d10cf1a790b8802b597efaa4c",
        "type": "github"
      },
      "original": {
        "owner": "oblongular",
        "ref": "futex-wait",
        "repo": "Dante-DEP-Client-SDK",
        "type": "github"
      }
    },
    "juce-src": {
      "flake": false,
      "locked": {
        "lastModified": 1782123669,
        "narHash": "sha256-oXFYfFqySW2XtM1e5/ifxAp9qSIVLzY1WAUKE3EscoQ=",
        "type": "tarball",
        "url": "https://github.com/juce-framework/JUCE/archive/refs/tags/8.0.14.tar.gz"
      },
      "original": {
        "type": "tarball",
        "url": "https://github.com/juce-framework/JUCE/archive/refs/tags/8.0.14.tar.gz"
      }
    },
    "nixpkgs": {
      "locked": {
        "lastModified": 1782535326,
        "narHash": "sha256-ZeRxu4yn6shd3SNF5ZUQb4r7BaVo1zBKMjRhfoNSBmw=",
        "owner": "NixOS",
        "repo": "nixpkgs",
        "rev": "714a5f8c4ead6b31148d829288440ed033ccc041",
        "type": "github"
      },
      "original": {
        "owner": "NixOS",
        "ref": "nixos-26.05",
        "repo": "nixpkgs",
        "type": "github"
      }
    },
    "root": {
      "inputs": {
        "dante-dep-client-sdk": "dante-dep-client-sdk",
        "juce-src": "juce-src",
        "nixpkgs": "nixpkgs"
      }
    }
  },
  "root": "root",
  "version": 7
}
